
Microsoft Visual Studio Solution File, Format Version 12.00
# Visual Studio Version 17
VisualStudioVersion = 17.13.35825.156 d17.13
MinimumVisualStudioVersion = 10.0.40219.1
Project("{FAE04EC0-301F-11D3-BF4B-00C04F79EFBC}") = "Berx3.Api", "Berx3.Api\Berx3.Api.csproj", "{676A93B7-CF5F-4E65-96BF-069808646019}"
EndProject
Global
	GlobalSection(SolutionConfigurationPlatforms) = preSolution
		Debug|Any CPU = Debug|Any CPU
		Release|Any CPU = Release|Any CPU
	EndGlobalSection
	GlobalSection(ProjectConfigurationPlatforms) = postSolution
		{676A93B7-CF5F-4E65-96BF-069808646019}.Debug|Any CPU.ActiveCfg = Debug|Any CPU
		{676A93B7-CF5F-4E65-96BF-069808646019}.Debug|Any CPU.Build.0 = Debug|Any CPU
		{676A93B7-CF5F-4E65-96BF-069808646019}.Release|Any CPU.ActiveCfg = Release|Any CPU
		{676A93B7-CF5F-4E65-96BF-069808646019}.Release|Any CPU.Build.0 = Release|Any CPU
	EndGlobalSection
	GlobalSection(SolutionProperties) = preSolution
		HideSolutionNode = FALSE
	EndGlobalSection
	GlobalSection(ExtensibilityGlobals) = postSolution
		SolutionGuid = {D9A52101-C4D4-4F75-B28D-D0206C196336}
	EndGlobalSection
EndGlobal
